
Microsoft Visual Studio Solution File, Format Version 12.00
Project("{FAE04EC0-301F-11D3-BF4B-00C04F79EFBC}") = "DNP Assignment", "DNP Assignment\DNP Assignment.csproj", "{69764EAB-1449-4B96-8E6A-DE5DA24CDE42}"
EndProject
Global
	GlobalSection(SolutionConfigurationPlatforms) = preSolution
		Debug|Any CPU = Debug|Any CPU
		Release|Any CPU = Release|Any CPU
	EndGlobalSection
	GlobalSection(ProjectConfigurationPlatforms) = postSolution
		{69764EAB-1449-4B96-8E6A-DE5DA24CDE42}.Debug|Any CPU.ActiveCfg = Debug|Any CPU
		{69764EAB-1449-4B96-8E6A-DE5DA24CDE42}.Debug|Any CPU.Build.0 = Debug|Any CPU
		{69764EAB-1449-4B96-8E6A-DE5DA24CDE42}.Release|Any CPU.ActiveCfg = Release|Any CPU
		{69764EAB-1449-4B96-8E6A-DE5DA24CDE42}.Release|Any CPU.Build.0 = Release|Any CPU
	EndGlobalSection
EndGlobal
